Microsoft Visual Studio Solution File, Format Version 12.00
# Visual Studio 2012
Project("{FAE04EC0-301F-11D3-BF4B-00C04F79EFBC}") = "blue mage", "blue mage.csproj", "{191BBDC8-1C46-4722-A316-032CA07B3AFF}"
EndProject
Global
	GlobalSection(SolutionConfigurationPlatforms) = preSolution
	Debug|Any CPU = Debug|Any CPU
	ExportDebug|Any CPU = ExportDebug|Any CPU
	ExportRelease|Any CPU = ExportRelease|Any CPU
	EndGlobalSection
	GlobalSection(ProjectConfigurationPlatforms) = postSolution
		{191BBDC8-1C46-4722-A316-032CA07B3AFF}.Debug|Any CPU.ActiveCfg = Debug|Any CPU
		{191BBDC8-1C46-4722-A316-032CA07B3AFF}.Debug|Any CPU.Build.0 = Debug|Any CPU
		{191BBDC8-1C46-4722-A316-032CA07B3AFF}.ExportDebug|Any CPU.ActiveCfg = ExportDebug|Any CPU
		{191BBDC8-1C46-4722-A316-032CA07B3AFF}.ExportDebug|Any CPU.Build.0 = ExportDebug|Any CPU
		{191BBDC8-1C46-4722-A316-032CA07B3AFF}.ExportRelease|Any CPU.ActiveCfg = ExportRelease|Any CPU
		{191BBDC8-1C46-4722-A316-032CA07B3AFF}.ExportRelease|Any CPU.Build.0 = ExportRelease|Any CPU
	EndGlobalSection
EndGlobal
